
Microsoft Visual Studio Solution File, Format Version 12.00
# Visual Studio 15
VisualStudioVersion = 15.0.26124.0
MinimumVisualStudioVersion = 15.0.26124.0
Project("{2150E333-8FDC-42A3-9474-1A3956D46DE8}") = "Code", "Code", "{8D7DC2E8-4FA3-4DDA-9B55-1C34E107E248}"
EndProject
Project("{FAE04EC0-301F-11D3-BF4B-00C04F79EFBC}") = "dotpipeone.Api", "Code\dotpipeone.Api\dotpipeone.Api.csproj", "{30315942-8D8D-4588-8CBA-310FC3D3143B}"
EndProject
Project("{FAE04EC0-301F-11D3-BF4B-00C04F79EFBC}") = "dotpipeone.BusinessEntities", "Code\dotpipeone.BusinessEntities\dotpipeone.BusinessEntities.csproj", "{3E1545E0-A72F-4B55-A85F-DB76A053B57A}"
EndProject
Project("{FAE04EC0-301F-11D3-BF4B-00C04F79EFBC}") = "dotpipeone.BusinessServices", "Code\dotpipeone.BusinessServices\dotpipeone.BusinessServices.csproj", "{59462C8B-C065-44DD-92BE-B1115E1B8330}"
EndProject
Project("{FAE04EC0-301F-11D3-BF4B-00C04F79EFBC}") = "dotpipeone.Contracts", "Code\dotpipeone.Contracts\dotpipeone.Contracts.csproj", "{3E1E1F7B-C7A9-47D9-9391-21A0563810D3}"
EndProject
Project("{FAE04EC0-301F-11D3-BF4B-00C04F79EFBC}") = "dotpipeone.Data", "Code\dotpipeone.Data\dotpipeone.Data.csproj", "{9ACBA7AD-FF49-4D31-A5C1-15A8A54756CF}"
EndProject
Project("{FAE04EC0-301F-11D3-BF4B-00C04F79EFBC}") = "dotpipeone.Test.Api", "Code\dotpipeone.Test.Api\dotpipeone.Test.Api.csproj", "{F0F1F34F-B920-401A-B65F-F4E3984CDA83}"
EndProject
Project("{FAE04EC0-301F-11D3-BF4B-00C04F79EFBC}") = "dotpipeone.Test.Business", "Code\dotpipeone.Test.Business\dotpipeone.Test.Business.csproj", "{D3365E83-060F-4DC3-AFFE-99CC08B408F4}"
EndProject
Project("{FAE04EC0-301F-11D3-BF4B-00C04F79EFBC}") = "dotpipeone.Test.Framework", "Code\dotpipeone.Test.Framework\dotpipeone.Test.Framework.csproj", "{1ED5F48C-2A28-43D4-98F9-841266A1849F}"
EndProject
Project("{2150E333-8FDC-42A3-9474-1A3956D46DE8}") = "Test", "Test", "{EBE4C577-9469-4F7C-9B5B-9EB12DC8B32D}"
EndProject
Global
	GlobalSection(SolutionConfigurationPlatforms) = preSolution
		Debug|Any CPU = Debug|Any CPU
		Debug|x64 = Debug|x64
		Debug|x86 = Debug|x86
		Release|Any CPU = Release|Any CPU
		Release|x64 = Release|x64
		Release|x86 = Release|x86
	EndGlobalSection
	GlobalSection(SolutionProperties) = preSolution
		HideSolutionNode = FALSE
	EndGlobalSection
	GlobalSection(ProjectConfigurationPlatforms) = postSolution
		{30315942-8D8D-4588-8CBA-310FC3D3143B}.Debug|Any CPU.ActiveCfg = Debug|Any CPU
		{30315942-8D8D-4588-8CBA-310FC3D3143B}.Debug|Any CPU.Build.0 = Debug|Any CPU
		{30315942-8D8D-4588-8CBA-310FC3D3143B}.Debug|x64.ActiveCfg = Debug|Any CPU
		{30315942-8D8D-4588-8CBA-310FC3D3143B}.Debug|x64.Build.0 = Debug|Any CPU
		{30315942-8D8D-4588-8CBA-310FC3D3143B}.Debug|x86.ActiveCfg = Debug|Any CPU
		{30315942-8D8D-4588-8CBA-310FC3D3143B}.Debug|x86.Build.0 = Debug|Any CPU
		{30315942-8D8D-4588-8CBA-310FC3D3143B}.Release|Any CPU.ActiveCfg = Release|Any CPU
		{30315942-8D8D-4588-8CBA-310FC3D3143B}.Release|Any CPU.Build.0 = Release|Any CPU
		{30315942-8D8D-4588-8CBA-310FC3D3143B}.Release|x64.ActiveCfg = Release|Any CPU
		{30315942-8D8D-4588-8CBA-310FC3D3143B}.Release|x64.Build.0 = Release|Any CPU
		{30315942-8D8D-4588-8CBA-310FC3D3143B}.Release|x86.ActiveCfg = Release|Any CPU
		{30315942-8D8D-4588-8CBA-310FC3D3143B}.Release|x86.Build.0 = Release|Any CPU
		{3E1545E0-A72F-4B55-A85F-DB76A053B57A}.Debug|Any CPU.ActiveCfg = Debug|Any CPU
		{3E1545E0-A72F-4B55-A85F-DB76A053B57A}.Debug|Any CPU.Build.0 = Debug|Any CPU
		{3E1545E0-A72F-4B55-A85F-DB76A053B57A}.Debug|x64.ActiveCfg = Debug|Any CPU
		{3E1545E0-A72F-4B55-A85F-DB76A053B57A}.Debug|x64.Build.0 = Debug|Any CPU
		{3E1545E0-A72F-4B55-A85F-DB76A053B57A}.Debug|x86.ActiveCfg = Debug|Any CPU
		{3E1545E0-A72F-4B55-A85F-DB76A053B57A}.Debug|x86.Build.0 = Debug|Any CPU
		{3E1545E0-A72F-4B55-A85F-DB76A053B57A}.Release|Any CPU.ActiveCfg = Release|Any CPU
		{3E1545E0-A72F-4B55-A85F-DB76A053B57A}.Release|Any CPU.Build.0 = Release|Any CPU
		{3E1545E0-A72F-4B55-A85F-DB76A053B57A}.Release|x64.ActiveCfg = Release|Any CPU
		{3E1545E0-A72F-4B55-A85F-DB76A053B57A}.Release|x64.Build.0 = Release|Any CPU
		{3E1545E0-A72F-4B55-A85F-DB76A053B57A}.Release|x86.ActiveCfg = Release|Any CPU
		{3E1545E0-A72F-4B55-A85F-DB76A053B57A}.Release|x86.Build.0 = Release|Any CPU
		{59462C8B-C065-44DD-92BE-B1115E1B8330}.Debug|Any CPU.ActiveCfg = Debug|Any CPU
		{59462C8B-C065-44DD-92BE-B1115E1B8330}.Debug|Any CPU.Build.0 = Debug|Any CPU
		{59462C8B-C065-44DD-92BE-B1115E1B8330}.Debug|x64.ActiveCfg = Debug|Any CPU
		{59462C8B-C065-44DD-92BE-B1115E1B8330}.Debug|x64.Build.0 = Debug|Any CPU
		{59462C8B-C065-44DD-92BE-B1115E1B8330}.Debug|x86.ActiveCfg = Debug|Any CPU
		{59462C8B-C065-44DD-92BE-B1115E1B8330}.Debug|x86.Build.0 = Debug|Any CPU
		{59462C8B-C065-44DD-92BE-B1115E1B8330}.Release|Any CPU.ActiveCfg = Release|Any CPU
		{59462C8B-C065-44DD-92BE-B1115E1B8330}.Release|Any CPU.Build.0 = Release|Any CPU
		{59462C8B-C065-44DD-92BE-B1115E1B8330}.Release|x64.ActiveCfg = Release|Any CPU
		{59462C8B-C065-44DD-92BE-B1115E1B8330}.Release|x64.Build.0 = Release|Any CPU
		{59462C8B-C065-44DD-92BE-B1115E1B8330}.Release|x86.ActiveCfg = Release|Any CPU
		{59462C8B-C065-44DD-92BE-B1115E1B8330}.Release|x86.Build.0 = Release|Any CPU
		{3E1E1F7B-C7A9-47D9-9391-21A0563810D3}.Debug|Any CPU.ActiveCfg = Debug|Any CPU
		{3E1E1F7B-C7A9-47D9-9391-21A0563810D3}.Debug|Any CPU.Build.0 = Debug|Any CPU
		{3E1E1F7B-C7A9-47D9-9391-21A0563810D3}.Debug|x64.ActiveCfg = Debug|Any CPU
		{3E1E1F7B-C7A9-47D9-9391-21A0563810D3}.Debug|x64.Build.0 = Debug|Any CPU
		{3E1E1F7B-C7A9-47D9-9391-21A0563810D3}.Debug|x86.ActiveCfg = Debug|Any CPU
		{3E1E1F7B-C7A9-47D9-9391-21A0563810D3}.Debug|x86.Build.0 = Debug|Any CPU
		{3E1E1F7B-C7A9-47D9-9391-21A0563810D3}.Release|Any CPU.ActiveCfg = Release|Any CPU
		{3E1E1F7B-C7A9-47D9-9391-21A0563810D3}.Release|Any CPU.Build.0 = Release|Any CPU
		{3E1E1F7B-C7A9-47D9-9391-21A0563810D3}.Release|x64.ActiveCfg = Release|Any CPU
		{3E1E1F7B-C7A9-47D9-9391-21A0563810D3}.Release|x64.Build.0 = Release|Any CPU
		{3E1E1F7B-C7A9-47D9-9391-21A0563810D3}.Release|x86.ActiveCfg = Release|Any CPU
		{3E1E1F7B-C7A9-47D9-9391-21A0563810D3}.Release|x86.Build.0 = Release|Any CPU
		{9ACBA7AD-FF49-4D31-A5C1-15A8A54756CF}.Debug|Any CPU.ActiveCfg = Debug|Any CPU
		{9ACBA7AD-FF49-4D31-A5C1-15A8A54756CF}.Debug|Any CPU.Build.0 = Debug|Any CPU
		{9ACBA7AD-FF49-4D31-A5C1-15A8A54756CF}.Debug|x64.ActiveCfg = Debug|Any CPU
		{9ACBA7AD-FF49-4D31-A5C1-15A8A54756CF}.Debug|x64.Build.0 = Debug|Any CPU
		{9ACBA7AD-FF49-4D31-A5C1-15A8A54756CF}.Debug|x86.ActiveCfg = Debug|Any CPU
		{9ACBA7AD-FF49-4D31-A5C1-15A8A54756CF}.Debug|x86.Build.0 = Debug|Any CPU
		{9ACBA7AD-FF49-4D31-A5C1-15A8A54756CF}.Release|Any CPU.ActiveCfg = Release|Any CPU
		{9ACBA7AD-FF49-4D31-A5C1-15A8A54756CF}.Release|Any CPU.Build.0 = Release|Any CPU
		{9ACBA7AD-FF49-4D31-A5C1-15A8A54756CF}.Release|x64.ActiveCfg = Release|Any CPU
		{9ACBA7AD-FF49-4D31-A5C1-15A8A54756CF}.Release|x64.Build.0 = Release|Any CPU
		{9ACBA7AD-FF49-4D31-A5C1-15A8A54756CF}.Release|x86.ActiveCfg = Release|Any CPU
		{9ACBA7AD-FF49-4D31-A5C1-15A8A54756CF}.Release|x86.Build.0 = Release|Any CPU
		{F0F1F34F-B920-401A-B65F-F4E3984CDA83}.Debug|Any CPU.ActiveCfg = Debug|Any CPU
		{F0F1F34F-B920-401A-B65F-F4E3984CDA83}.Debug|Any CPU.Build.0 = Debug|Any CPU
		{F0F1F34F-B920-401A-B65F-F4E3984CDA83}.Debug|x64.ActiveCfg = Debug|Any CPU
		{F0F1F34F-B920-401A-B65F-F4E3984CDA83}.Debug|x64.Build.0 = Debug|Any CPU
		{F0F1F34F-B920-401A-B65F-F4E3984CDA83}.Debug|x86.ActiveCfg = Debug|Any CPU
		{F0F1F34F-B920-401A-B65F-F4E3984CDA83}.Debug|x86.Build.0 = Debug|Any CPU
		{F0F1F34F-B920-401A-B65F-F4E3984CDA83}.Release|Any CPU.ActiveCfg = Release|Any CPU
		{F0F1F34F-B920-401A-B65F-F4E3984CDA83}.Release|Any CPU.Build.0 = Release|Any CPU
		{F0F1F34F-B920-401A-B65F-F4E3984CDA83}.Release|x64.ActiveCfg = Release|Any CPU
		{F0F1F34F-B920-401A-B65F-F4E3984CDA83}.Release|x64.Build.0 = Release|Any CPU
		{F0F1F34F-B920-401A-B65F-F4E3984CDA83}.Release|x86.ActiveCfg = Release|Any CPU
		{F0F1F34F-B920-401A-B65F-F4E3984CDA83}.Release|x86.Build.0 = Release|Any CPU
		{D3365E83-060F-4DC3-AFFE-99CC08B408F4}.Debug|Any CPU.ActiveCfg = Debug|Any CPU
		{D3365E83-060F-4DC3-AFFE-99CC08B408F4}.Debug|Any CPU.Build.0 = Debug|Any CPU
		{D3365E83-060F-4DC3-AFFE-99CC08B408F4}.Debug|x64.ActiveCfg = Debug|Any CPU
		{D3365E83-060F-4DC3-AFFE-99CC08B408F4}.Debug|x64.Build.0 = Debug|Any CPU
		{D3365E83-060F-4DC3-AFFE-99CC08B408F4}.Debug|x86.ActiveCfg = Debug|Any CPU
		{D3365E83-060F-4DC3-AFFE-99CC08B408F4}.Debug|x86.Build.0 = Debug|Any CPU
		{D3365E83-060F-4DC3-AFFE-99CC08B408F4}.Release|Any CPU.ActiveCfg = Release|Any CPU
		{D3365E83-060F-4DC3-AFFE-99CC08B408F4}.Release|Any CPU.Build.0 = Release|Any CPU
		{D3365E83-060F-4DC3-AFFE-99CC08B408F4}.Release|x64.ActiveCfg = Release|Any CPU
		{D3365E83-060F-4DC3-AFFE-99CC08B408F4}.Release|x64.Build.0 = Release|Any CPU
		{D3365E83-060F-4DC3-AFFE-99CC08B408F4}.Release|x86.ActiveCfg = Release|Any CPU
		{D3365E83-060F-4DC3-AFFE-99CC08B408F4}.Release|x86.Build.0 = Release|Any CPU
		{1ED5F48C-2A28-43D4-98F9-841266A1849F}.Debug|Any CPU.ActiveCfg = Debug|Any CPU
		{1ED5F48C-2A28-43D4-98F9-841266A1849F}.Debug|Any CPU.Build.0 = Debug|Any CPU
		{1ED5F48C-2A28-43D4-98F9-841266A1849F}.Debug|x64.ActiveCfg = Debug|Any CPU
		{1ED5F48C-2A28-43D4-98F9-841266A1849F}.Debug|x64.Build.0 = Debug|Any CPU
		{1ED5F48C-2A28-43D4-98F9-841266A1849F}.Debug|x86.ActiveCfg = Debug|Any CPU
		{1ED5F48C-2A28-43D4-98F9-841266A1849F}.Debug|x86.Build.0 = Debug|Any CPU
		{1ED5F48C-2A28-43D4-98F9-841266A1849F}.Release|Any CPU.ActiveCfg = Release|Any CPU
		{1ED5F48C-2A28-43D4-98F9-841266A1849F}.Release|Any CPU.Build.0 = Release|Any CPU
		{1ED5F48C-2A28-43D4-98F9-841266A1849F}.Release|x64.ActiveCfg = Release|Any CPU
		{1ED5F48C-2A28-43D4-98F9-841266A1849F}.Release|x64.Build.0 = Release|Any CPU
		{1ED5F48C-2A28-43D4-98F9-841266A1849F}.Release|x86.ActiveCfg = Release|Any CPU
		{1ED5F48C-2A28-43D4-98F9-841266A1849F}.Release|x86.Build.0 = Release|Any CPU
	EndGlobalSection
	GlobalSection(NestedProjects) = preSolution
		{30315942-8D8D-4588-8CBA-310FC3D3143B} = {8D7DC2E8-4FA3-4DDA-9B55-1C34E107E248}
		{3E1545E0-A72F-4B55-A85F-DB76A053B57A} = {8D7DC2E8-4FA3-4DDA-9B55-1C34E107E248}
		{59462C8B-C065-44DD-92BE-B1115E1B8330} = {8D7DC2E8-4FA3-4DDA-9B55-1C34E107E248}
		{3E1E1F7B-C7A9-47D9-9391-21A0563810D3} = {8D7DC2E8-4FA3-4DDA-9B55-1C34E107E248}
		{9ACBA7AD-FF49-4D31-A5C1-15A8A54756CF} = {8D7DC2E8-4FA3-4DDA-9B55-1C34E107E248}
		{F0F1F34F-B920-401A-B65F-F4E3984CDA83} = {EBE4C577-9469-4F7C-9B5B-9EB12DC8B32D}
		{D3365E83-060F-4DC3-AFFE-99CC08B408F4} = {EBE4C577-9469-4F7C-9B5B-9EB12DC8B32D}
		{1ED5F48C-2A28-43D4-98F9-841266A1849F} = {EBE4C577-9469-4F7C-9B5B-9EB12DC8B32D}
	EndGlobalSection
EndGlobal
